dependencies:
- name: ska-tango-base
  repository: https://artefact.skao.int/repository/helm-internal
  version: 0.4.18
- name: ska-tango-util
  repository: https://artefact.skao.int/repository/helm-internal
  version: 0.4.18
- name: ska-tmc-mid
  repository: https://artefact.skao.int/repository/helm-internal
  version: 1.2.0
- name: ska-csp-lmc-mid
  repository: https://artefact.skao.int/repository/helm-internal
  version: 1.1.0
- name: ska-mid-cbf-tdc-mcs
  repository: https://artefact.skao.int/repository/helm-internal
  version: 1.3.3
- name: ska-mid-cbf-tdc-tmleafnode
  repository: https://artefact.skao.int/repository/helm-internal
  version: 1.3.2
- name: ska-mid-cbf-engineering-console
  repository: https://artefact.skao.int/repository/helm-internal
  version: 1.1.5
- name: ska-sdp
  repository: https://artefact.skao.int/repository/helm-internal
  version: 1.2.1
- name: ska-dish-lmc
  repository: https://artefact.skao.int/repository/helm-internal
  version: 7.0.1
- name: ska-te-dish-structure-simulator
  repository: https://artefact.skao.int/repository/helm-internal
  version: 0.11.0
- name: ska-mid-dish-spfc-deployer
  repository: https://artefact.skao.int/repository/helm-internal
  version: 0.2.5
- name: ska-mid-dish-spfrx-talondx-console
  repository: https://artefact.skao.int/repository/helm-internal
  version: 1.1.0
- name: ska-tango-taranta
  repository: https://artefact.skao.int/repository/helm-internal
  version: 2.14.2
- name: ska-tango-tangogql-ariadne
  repository: https://artefact.skao.int/repository/helm-internal
  version: 1.0.3
- name: ska-tango-alarmhandler
  repository: https://artefact.skao.int/repository/helm-internal
  version: 0.4.0
- name: ska-dataproduct-dashboard
  repository: https://artefact.skao.int/repository/helm-internal
  version: 0.10.0
- name: ska-tango-archiver
  repository: https://artefact.skao.int/repository/helm-internal
  version: 2.9.1
- name: ska-log-consumer
  repository: https://artefact.skao.int/repository/helm-internal
  version: 0.1.6
digest: sha256:e9003ac49e26b9f007fefe7fc0d005c86d7a206840c1f43c68335d5d5c09aa62
generated: "2025-07-17T14:53:08.12621126-07:00"
