dependencies:
- name: ska-tango-base
  repository: https://artefact.skao.int/repository/helm-internal
  version: 0.4.18
- name: ska-tango-util
  repository: https://artefact.skao.int/repository/helm-internal
  version: 0.4.18
- name: ska-tmc-mid
  repository: https://artefact.skao.int/repository/helm-internal
  version: 1.0.0
- name: ska-csp-lmc-mid
  repository: https://artefact.skao.int/repository/helm-internal
  version: 1.0.1
- name: ska-mid-cbf-tdc-mcs
  repository: https://artefact.skao.int/repository/helm-internal
  version: 1.3.2
- name: ska-mid-cbf-tdc-tmleafnode
  repository: https://artefact.skao.int/repository/helm-internal
  version: 1.3.2
- name: ska-mid-cbf-engineering-console
  repository: https://artefact.skao.int/repository/helm-internal
  version: 1.1.4
- name: ska-sdp
  repository: https://artefact.skao.int/repository/helm-internal
  version: 1.2.1
- name: ska-dish-lmc
  repository: https://artefact.skao.int/repository/helm-internal
  version: 7.0.1
- name: ska-te-dish-structure-simulator
  repository: https://artefact.skao.int/repository/helm-internal
  version: 0.11.0
- name: ska-mid-dish-spfc-deployer
  repository: https://gitlab.com/api/v4/projects/68468774/packages/helm/dev
  version: 0.2.5-dev.c99526c08
- name: ska-mid-dish-spfrx-talondx-console
  repository: https://artefact.skao.int/repository/helm-internal
  version: 1.0.0
- name: ska-tango-taranta
  repository: https://artefact.skao.int/repository/helm-internal
  version: 2.14.2
- name: ska-tango-tangogql-ariadne
  repository: https://artefact.skao.int/repository/helm-internal
  version: 1.0.3
- name: ska-tango-alarmhandler
  repository: https://artefact.skao.int/repository/helm-internal
  version: 0.4.0
- name: ska-dataproduct-dashboard
  repository: https://artefact.skao.int/repository/helm-internal
  version: 0.10.0
- name: ska-tango-archiver
  repository: https://artefact.skao.int/repository/helm-internal
  version: 2.9.1
- name: ska-log-consumer
  repository: https://artefact.skao.int/repository/helm-internal
  version: 0.1.6
digest: sha256:8787ab9243a944f948d16adcc381425807ed9d160fef2a3f22b592a593d60eb5
generated: "2025-07-08T06:59:40.859252439+02:00"
