dependencies:
- name: ska-tango-base
  repository: https://artefact.skao.int/repository/helm-internal
  version: 1.1.0
- name: ska-tango-util
  repository: https://artefact.skao.int/repository/helm-internal
  version: 1.1.0
- name: ska-tmc-mid
  repository: https://artefact.skao.int/repository/helm-internal
  version: 1.13.0
- name: ska-mid-wms
  repository: https://artefact.skao.int/repository/helm-internal
  version: 1.1.1
- name: ska-csp-lmc-mid
  repository: https://artefact.skao.int/repository/helm-internal
  version: 1.7.0
- name: ska-mid-cbf-tdc-mcs
  repository: https://artefact.skao.int/repository/helm-internal
  version: 1.4.1
- name: ska-mid-cbf-engineering-console
  repository: https://artefact.skao.int/repository/helm-internal
  version: 2.0.0
- name: ska-sdp
  repository: https://artefact.skao.int/repository/helm-internal
  version: 2.3.0
- name: ska-oso-integration
  repository: https://artefact.skao.int/repository/helm-internal
  version: 2.1.0
- name: ska-db-oda-umbrella
  repository: https://artefact.skao.int/repository/helm-internal
  version: 17.4.0
- name: ska-dish-lmc
  repository: https://artefact.skao.int/repository/helm-internal
  version: 9.5.0
- name: ska-te-dish-structure-simulator
  repository: https://artefact.skao.int/repository/helm-internal
  version: 0.11.0
- name: ska-mid-dish-spfc-deployer
  repository: https://artefact.skao.int/repository/helm-internal
  version: 0.5.0
- name: ska-mid-dish-spfrx-talondx-console
  repository: https://artefact.skao.int/repository/helm-internal
  version: 3.0.0
- name: ska-tango-taranta
  repository: https://artefact.skao.int/repository/helm-internal
  version: 2.18.7
- name: ska-tango-tangogql-ariadne
  repository: https://artefact.skao.int/repository/helm-internal
  version: 1.0.13
- name: ska-tango-alarmhandler
  repository: https://artefact.skao.int/repository/helm-internal
  version: 0.6.3
- name: ska-dataproduct-dashboard
  repository: https://artefact.skao.int/repository/helm-internal
  version: 0.17.0
- name: ska-tango-archiver
  repository: https://artefact.skao.int/repository/helm-internal
  version: 5.0.4-rc.1
- name: ska-log-consumer
  repository: https://artefact.skao.int/repository/helm-internal
  version: 0.1.6
- name: ska-octopus-backend
  repository: https://artefact.skao.int/repository/helm-internal
  version: 0.6.3
- name: ska-octopus-frontend
  repository: https://artefact.skao.int/repository/helm-internal
  version: 0.6.6
- name: ska-eda-rest-api
  repository: https://artefact.skao.int/repository/helm-internal
  version: 0.1.0-rc.8
digest: sha256:754f27d2e7d617386ef5522780ac57b453be98bb52c74d86e0ed09bc00ca2cbd
generated: "2026-06-20T13:24:42.324372+02:00"
